
Microsoft Visual Studio Solution File, Format Version 12.00
# Visual Studio Version 16
VisualStudioVersion = 16.0.810.19
MinimumVisualStudioVersion = 10.0.40219.1
Project("{FAE04EC0-301F-11D3-BF4B-00C04F79EFBC}") = "01_NumRun_with_no_func", "01_NumRun_with_no_func.csproj", "{0BC904B1-37A2-4343-8AF4-75A630EC8C8B}"
EndProject
Global
	GlobalSection(SolutionConfigurationPlatforms) = preSolution
		Debug|anycpu = Debug|anycpu
		Release|anycpu = Release|anycpu
	EndGlobalSection
	GlobalSection(ProjectConfigurationPlatforms) = postSolution
		{0BC904B1-37A2-4343-8AF4-75A630EC8C8B}.Debug|anycpu.ActiveCfg = Debug|anycpu
		{0BC904B1-37A2-4343-8AF4-75A630EC8C8B}.Debug|anycpu.Build.0 = Debug|anycpu
		{0BC904B1-37A2-4343-8AF4-75A630EC8C8B}.Release|anycpu.ActiveCfg = Release|anycpu
		{0BC904B1-37A2-4343-8AF4-75A630EC8C8B}.Release|anycpu.Build.0 = Release|anycpu
	EndGlobalSection
	GlobalSection(SolutionProperties) = preSolution
		HideSolutionNode = FALSE
	EndGlobalSection
	GlobalSection(ExtensibilityGlobals) = postSolution
		SolutionGuid = {4D14F91E-283A-49B8-8611-6B8B08FA7A66}
	EndGlobalSection
EndGlobal
